// !$*UTF8*$!
{
	archiveVersion = 1;
	classes = {
	};
	objectVersion = 46;
	objects = {

/* Begin PBXBuildFile section */
		929BF16A1E40BD8200698665 /* Tags.swift in Sources */ = {isa = PBXBuildFile; fileRef = 929BF1691E40BD8200698665 /* Tags.swift */; };
		929BF16C1E40ED2B00698665 /* MultiDictionary.swift in Sources */ = {isa = PBXBuildFile; fileRef = 929BF16B1E40ED2B00698665 /* MultiDictionary.swift */; };
		929BF16E1E40F63000698665 /* books_readable.json in Resources */ = {isa = PBXBuildFile; fileRef = 929BF16D1E40F63000698665 /* books_readable.json */; };
		929BF1701E40F69000698665 /* JSONProcessing.swift in Sources */ = {isa = PBXBuildFile; fileRef = 929BF16F1E40F69000698665 /* JSONProcessing.swift */; };
		929BF1721E40F92200698665 /* Errors.swift in Sources */ = {isa = PBXBuildFile; fileRef = 929BF1711E40F92200698665 /* Errors.swift */; };
		929BF1741E42730C00698665 /* FoundationExtension.swift in Sources */ = {isa = PBXBuildFile; fileRef = 929BF1731E42730C00698665 /* FoundationExtension.swift */; };
		929BF1761E427F5700698665 /* Library.swift in Sources */ = {isa = PBXBuildFile; fileRef = 929BF1751E427F5700698665 /* Library.swift */; };
		929BF17A1E42A97C00698665 /* LibraryTableViewController.swift in Sources */ = {isa = PBXBuildFile; fileRef = 929BF1781E42A97C00698665 /* LibraryTableViewController.swift */; };
		929BF17B1E42A97C00698665 /* LibraryTableViewController.xib in Resources */ = {isa = PBXBuildFile; fileRef = 929BF1791E42A97C00698665 /* LibraryTableViewController.xib */; };
		929BF17D1E42B04A00698665 /* bookDefault.jpg in Resources */ = {isa = PBXBuildFile; fileRef = 929BF17C1E42B04A00698665 /* bookDefault.jpg */; };
		92C0C6D71E34D0AB00AD86C7 /* AppDelegate.swift in Sources */ = {isa = PBXBuildFile; fileRef = 92C0C6D61E34D0AB00AD86C7 /* AppDelegate.swift */; };
		92C0C6D91E34D0AB00AD86C7 /* ViewController.swift in Sources */ = {isa = PBXBuildFile; fileRef = 92C0C6D81E34D0AB00AD86C7 /* ViewController.swift */; };
		92C0C6DC1E34D0AB00AD86C7 /* Main.storyboard in Resources */ = {isa = PBXBuildFile; fileRef = 92C0C6DA1E34D0AB00AD86C7 /* Main.storyboard */; };
		92C0C6DE1E34D0AB00AD86C7 /* Assets.xcassets in Resources */ = {isa = PBXBuildFile; fileRef = 92C0C6DD1E34D0AB00AD86C7 /* Assets.xcassets */; };
		92C0C6E11E34D0AB00AD86C7 /* LaunchScreen.storyboard in Resources */ = {isa = PBXBuildFile; fileRef = 92C0C6DF1E34D0AB00AD86C7 /* LaunchScreen.storyboard */; };
		92C0C6EF1E34D33B00AD86C7 /* Books.swift in Sources */ = {isa = PBXBuildFile; fileRef = 92C0C6EE1E34D33B00AD86C7 /* Books.swift */; };
/* End PBXBuildFile section */

/* Begin PBXFileReference section */
		929BF1691E40BD8200698665 /* Tags.swift */ = {isa = PBXFileReference; fileEncoding = 4; lastKnownFileType = sourcecode.swift; path = Tags.swift; sourceTree = "<group>"; };
		929BF16B1E40ED2B00698665 /* MultiDictionary.swift */ = {isa = PBXFileReference; fileEncoding = 4; lastKnownFileType = sourcecode.swift; path = MultiDictionary.swift; sourceTree = "<group>"; };
		929BF16D1E40F63000698665 /* books_readable.json */ = {isa = PBXFileReference; fileEncoding = 4; lastKnownFileType = text.json; path = books_readable.json; sourceTree = "<group>"; };
		929BF16F1E40F69000698665 /* JSONProcessing.swift */ = {isa = PBXFileReference; fileEncoding = 4; lastKnownFileType = sourcecode.swift; path = JSONProcessing.swift; sourceTree = "<group>"; };
		929BF1711E40F92200698665 /* Errors.swift */ = {isa = PBXFileReference; fileEncoding = 4; lastKnownFileType = sourcecode.swift; path = Errors.swift; sourceTree = "<group>"; };
		929BF1731E42730C00698665 /* FoundationExtension.swift */ = {isa = PBXFileReference; fileEncoding = 4; lastKnownFileType = sourcecode.swift; path = FoundationExtension.swift; sourceTree = "<group>"; };
		929BF1751E427F5700698665 /* Library.swift */ = {isa = PBXFileReference; fileEncoding = 4; lastKnownFileType = sourcecode.swift; path = Library.swift; sourceTree = "<group>"; };
		929BF1781E42A97C00698665 /* LibraryTableViewController.swift */ = {isa = PBXFileReference; fileEncoding = 4; lastKnownFileType = sourcecode.swift; path = LibraryTableViewController.swift; sourceTree = "<group>"; };
		929BF1791E42A97C00698665 /* LibraryTableViewController.xib */ = {isa = PBXFileReference; fileEncoding = 4; lastKnownFileType = file.xib; path = LibraryTableViewController.xib; sourceTree = "<group>"; };
		929BF17C1E42B04A00698665 /* bookDefault.jpg */ = {isa = PBXFileReference; lastKnownFileType = image.jpeg; path = bookDefault.jpg; sourceTree = "<group>"; };
		92C0C6D31E34D0AB00AD86C7 /* HackerBooks.app */ = {isa = PBXFileReference; explicitFileType = wrapper.application; includeInIndex = 0; path = HackerBooks.app; sourceTree = BUILT_PRODUCTS_DIR; };
		92C0C6D61E34D0AB00AD86C7 /* AppDelegate.swift */ = {isa = PBXFileReference; lastKnownFileType = sourcecode.swift; path = AppDelegate.swift; sourceTree = "<group>"; };
		92C0C6D81E34D0AB00AD86C7 /* ViewController.swift */ = {isa = PBXFileReference; lastKnownFileType = sourcecode.swift; path = ViewController.swift; sourceTree = "<group>"; };
		92C0C6DB1E34D0AB00AD86C7 /* Base */ = {isa = PBXFileReference; lastKnownFileType = file.storyboard; name = Base; path = Base.lproj/Main.storyboard; sourceTree = "<group>"; };
		92C0C6DD1E34D0AB00AD86C7 /* Assets.xcassets */ = {isa = PBXFileReference; lastKnownFileType = folder.assetcatalog; path = Assets.xcassets; sourceTree = "<group>"; };
		92C0C6E01E34D0AB00AD86C7 /* Base */ = {isa = PBXFileReference; lastKnownFileType = file.storyboard; name = Base; path = Base.lproj/LaunchScreen.storyboard; sourceTree = "<group>"; };
		92C0C6E21E34D0AB00AD86C7 /* Info.plist */ = {isa = PBXFileReference; lastKnownFileType = text.plist.xml; path = Info.plist; sourceTree = "<group>"; };
		92C0C6EE1E34D33B00AD86C7 /* Books.swift */ = {isa = PBXFileReference; fileEncoding = 4; lastKnownFileType = sourcecode.swift; path = Books.swift; sourceTree = "<group>"; };
/* End PBXFileReference section */

/* Begin PBXFrameworksBuildPhase section */
		92C0C6D01E34D0AB00AD86C7 /* Frameworks */ = {
			isa = PBXFrameworksBuildPhase;
			buildActionMask = 2147483647;
			files = (
			);
			runOnlyForDeploymentPostprocessing = 0;
		};
/* End PBXFrameworksBuildPhase section */

/* Begin PBXGroup section */
		929BF1771E42A94900698665 /* Controllers */ = {
			isa = PBXGroup;
			children = (
				929BF1781E42A97C00698665 /* LibraryTableViewController.swift */,
				929BF1791E42A97C00698665 /* LibraryTableViewController.xib */,
			);
			name = Controllers;
			sourceTree = "<group>";
		};
		92C0C6CA1E34D0AB00AD86C7 = {
			isa = PBXGroup;
			children = (
				92C0C6D51E34D0AB00AD86C7 /* HackerBooks */,
				92C0C6D41E34D0AB00AD86C7 /* Products */,
			);
			sourceTree = "<group>";
		};
		92C0C6D41E34D0AB00AD86C7 /* Products */ = {
			isa = PBXGroup;
			children = (
				92C0C6D31E34D0AB00AD86C7 /* HackerBooks.app */,
			);
			name = Products;
			sourceTree = "<group>";
		};
		92C0C6D51E34D0AB00AD86C7 /* HackerBooks */ = {
			isa = PBXGroup;
			children = (
				92C0C6EB1E34D28B00AD86C7 /* Frameworks */,
				92C0C6E81E34D25800AD86C7 /* App */,
			);
			path = HackerBooks;
			sourceTree = "<group>";
		};
		92C0C6E81E34D25800AD86C7 /* App */ = {
			isa = PBXGroup;
			children = (
				929BF1771E42A94900698665 /* Controllers */,
				92C0C6EA1E34D27B00AD86C7 /* Resources */,
				92C0C6E91E34D26B00AD86C7 /* Models */,
				92C0C6D61E34D0AB00AD86C7 /* AppDelegate.swift */,
				92C0C6D81E34D0AB00AD86C7 /* ViewController.swift */,
				92C0C6DA1E34D0AB00AD86C7 /* Main.storyboard */,
				92C0C6DD1E34D0AB00AD86C7 /* Assets.xcassets */,
				92C0C6DF1E34D0AB00AD86C7 /* LaunchScreen.storyboard */,
				92C0C6E21E34D0AB00AD86C7 /* Info.plist */,
			);
			name = App;
			sourceTree = "<group>";
		};
		92C0C6E91E34D26B00AD86C7 /* Models */ = {
			isa = PBXGroup;
			children = (
				92C0C6EE1E34D33B00AD86C7 /* Books.swift */,
				929BF1691E40BD8200698665 /* Tags.swift */,
				929BF16B1E40ED2B00698665 /* MultiDictionary.swift */,
				929BF16F1E40F69000698665 /* JSONProcessing.swift */,
				929BF1711E40F92200698665 /* Errors.swift */,
				929BF1751E427F5700698665 /* Library.swift */,
			);
			name = Models;
			sourceTree = "<group>";
		};
		92C0C6EA1E34D27B00AD86C7 /* Resources */ = {
			isa = PBXGroup;
			children = (
				929BF17C1E42B04A00698665 /* bookDefault.jpg */,
				929BF16D1E40F63000698665 /* books_readable.json */,
			);
			name = Resources;
			sourceTree = "<group>";
		};
		92C0C6EB1E34D28B00AD86C7 /* Frameworks */ = {
			isa = PBXGroup;
			children = (
				929BF1731E42730C00698665 /* FoundationExtension.swift */,
			);
			name = Frameworks;
			sourceTree = "<group>";
		};
/* End PBXGroup section */

/* Begin PBXNativeTarget section */
		92C0C6D21E34D0AB00AD86C7 /* HackerBooks */ = {
			isa = PBXNativeTarget;
			buildConfigurationList = 92C0C6E51E34D0AB00AD86C7 /* Build configuration list for PBXNativeTarget "HackerBooks" */;
			buildPhases = (
				92C0C6CF1E34D0AB00AD86C7 /* Sources */,
				92C0C6D01E34D0AB00AD86C7 /* Frameworks */,
				92C0C6D11E34D0AB00AD86C7 /* Resources */,
			);
			buildRules = (
			);
			dependencies = (
			);
			name = HackerBooks;
			productName = HackerBooks;
			productReference = 92C0C6D31E34D0AB00AD86C7 /* HackerBooks.app */;
			productType = "com.apple.product-type.application";
		};
/* End PBXNativeTarget section */

/* Begin PBXProject section */
		92C0C6CB1E34D0AB00AD86C7 /* Project object */ = {
			isa = PBXProject;
			attributes = {
				LastSwiftUpdateCheck = 0820;
				LastUpgradeCheck = 0820;
				ORGANIZATIONNAME = "Jose Javier Montes Romero";
				TargetAttributes = {
					92C0C6D21E34D0AB00AD86C7 = {
						CreatedOnToolsVersion = 8.2.1;
						ProvisioningStyle = Automatic;
					};
				};
			};
			buildConfigurationList = 92C0C6CE1E34D0AB00AD86C7 /* Build configuration list for PBXProject "HackerBooks" */;
			compatibilityVersion = "Xcode 3.2";
			developmentRegion = English;
			hasScannedForEncodings = 0;
			knownRegions = (
				en,
				Base,
			);
			mainGroup = 92C0C6CA1E34D0AB00AD86C7;
			productRefGroup = 92C0C6D41E34D0AB00AD86C7 /* Products */;
			projectDirPath = "";
			projectRoot = "";
			targets = (
				92C0C6D21E34D0AB00AD86C7 /* HackerBooks */,
			);
		};
/* End PBXProject section */

/* Begin PBXResourcesBuildPhase section */
		92C0C6D11E34D0AB00AD86C7 /* Resources */ = {
			isa = PBXResourcesBuildPhase;
			buildActionMask = 2147483647;
			files = (
				929BF16E1E40F63000698665 /* books_readable.json in Resources */,
				92C0C6E11E34D0AB00AD86C7 /* LaunchScreen.storyboard in Resources */,
				929BF17B1E42A97C00698665 /* LibraryTableViewController.xib in Resources */,
				92C0C6DE1E34D0AB00AD86C7 /* Assets.xcassets in Resources */,
				929BF17D1E42B04A00698665 /* bookDefault.jpg in Resources */,
				92C0C6DC1E34D0AB00AD86C7 /* Main.storyboard in Resources */,
			);
			runOnlyForDeploymentPostprocessing = 0;
		};
/* End PBXResourcesBuildPhase section */

/* Begin PBXSourcesBuildPhase section */
		92C0C6CF1E34D0AB00AD86C7 /* Sources */ = {
			isa = PBXSourcesBuildPhase;
			buildActionMask = 2147483647;
			files = (
				929BF1741E42730C00698665 /* FoundationExtension.swift in Sources */,
				929BF1701E40F69000698665 /* JSONProcessing.swift in Sources */,
				929BF16C1E40ED2B00698665 /* MultiDictionary.swift in Sources */,
				929BF16A1E40BD8200698665 /* Tags.swift in Sources */,
				929BF17A1E42A97C00698665 /* LibraryTableViewController.swift in Sources */,
				92C0C6EF1E34D33B00AD86C7 /* Books.swift in Sources */,
				92C0C6D91E34D0AB00AD86C7 /* ViewController.swift in Sources */,
				92C0C6D71E34D0AB00AD86C7 /* AppDelegate.swift in Sources */,
				929BF1721E40F92200698665 /* Errors.swift in Sources */,
				929BF1761E427F5700698665 /* Library.swift in Sources */,
			);
			runOnlyForDeploymentPostprocessing = 0;
		};
/* End PBXSourcesBuildPhase section */

/* Begin PBXVariantGroup section */
		92C0C6DA1E34D0AB00AD86C7 /* Main.storyboard */ = {
			isa = PBXVariantGroup;
			children = (
				92C0C6DB1E34D0AB00AD86C7 /* Base */,
			);
			name = Main.storyboard;
			sourceTree = "<group>";
		};
		92C0C6DF1E34D0AB00AD86C7 /* LaunchScreen.storyboard */ = {
			isa = PBXVariantGroup;
			children = (
				92C0C6E01E34D0AB00AD86C7 /* Base */,
			);
			name = LaunchScreen.storyboard;
			sourceTree = "<group>";
		};
/* End PBXVariantGroup section */

/* Begin XCBuildConfiguration section */
		92C0C6E31E34D0AB00AD86C7 /* Debug */ = {
			isa = XCBuildConfiguration;
			buildSettings = {
				ALWAYS_SEARCH_USER_PATHS = NO;
				CLANG_ANALYZER_NONNULL = YES;
				CLANG_CXX_LANGUAGE_STANDARD = "gnu++0x";
				CLANG_CXX_LIBRARY = "libc++";
				CLANG_ENABLE_MODULES = YES;
				CLANG_ENABLE_OBJC_ARC = YES;
				CLANG_WARN_BOOL_CONVERSION = YES;
				CLANG_WARN_CONSTANT_CONVERSION = YES;
				CLANG_WARN_DIRECT_OBJC_ISA_USAGE = YES_ERROR;
				CLANG_WARN_DOCUMENTATION_COMMENTS = YES;
				CLANG_WARN_EMPTY_BODY = YES;
				CLANG_WARN_ENUM_CONVERSION = YES;
				CLANG_WARN_INFINITE_RECURSION = YES;
				CLANG_WARN_INT_CONVERSION = YES;
				CLANG_WARN_OBJC_ROOT_CLASS = YES_ERROR;
				CLANG_WARN_SUSPICIOUS_MOVE = YES;
				CLANG_WARN_UNREACHABLE_CODE = YES;
				CLANG_WARN__DUPLICATE_METHOD_MATCH = YES;
				"CODE_SIGN_IDENTITY[sdk=iphoneos*]" = "iPhone Developer";
				COPY_PHASE_STRIP = NO;
				DEBUG_INFORMATION_FORMAT = dwarf;
				ENABLE_STRICT_OBJC_MSGSEND = YES;
				ENABLE_TESTABILITY = YES;
				GCC_C_LANGUAGE_STANDARD = gnu99;
				GCC_DYNAMIC_NO_PIC = NO;
				GCC_NO_COMMON_BLOCKS = YES;
				GCC_OPTIMIZATION_LEVEL = 0;
				GCC_PREPROCESSOR_DEFINITIONS = (
					"DEBUG=1",
					"$(inherited)",
				);
				GCC_WARN_64_TO_32_BIT_CONVERSION = YES;
				GCC_WARN_ABOUT_RETURN_TYPE = YES_ERROR;
				GCC_WARN_UNDECLARED_SELECTOR = YES;
				GCC_WARN_UNINITIALIZED_AUTOS = YES_AGGRESSIVE;
				GCC_WARN_UNUSED_FUNCTION = YES;
				GCC_WARN_UNUSED_VARIABLE = YES;
				IPHONEOS_DEPLOYMENT_TARGET = 10.2;
				MTL_ENABLE_DEBUG_INFO = YES;
				ONLY_ACTIVE_ARCH = YES;
				SDKROOT = iphoneos;
				SWIFT_ACTIVE_COMPILATION_CONDITIONS = DEBUG;
				SWIFT_OPTIMIZATION_LEVEL = "-Onone";
			};
			name = Debug;
		};
		92C0C6E41E34D0AB00AD86C7 /* Release */ = {
			isa = XCBuildConfiguration;
			buildSettings = {
				ALWAYS_SEARCH_USER_PATHS = NO;
				CLANG_ANALYZER_NONNULL = YES;
				CLANG_CXX_LANGUAGE_STANDARD = "gnu++0x";
				CLANG_CXX_LIBRARY = "libc++";
				CLANG_ENABLE_MODULES = YES;
				CLANG_ENABLE_OBJC_ARC = YES;
				CLANG_WARN_BOOL_CONVERSION = YES;
				CLANG_WARN_CONSTANT_CONVERSION = YES;
				CLANG_WARN_DIRECT_OBJC_ISA_USAGE = YES_ERROR;
				CLANG_WARN_DOCUMENTATION_COMMENTS = YES;
				CLANG_WARN_EMPTY_BODY = YES;
				CLANG_WARN_ENUM_CONVERSION = YES;
				CLANG_WARN_INFINITE_RECURSION = YES;
				CLANG_WARN_INT_CONVERSION = YES;
				CLANG_WARN_OBJC_ROOT_CLASS = YES_ERROR;
				CLANG_WARN_SUSPICIOUS_MOVE = YES;
				CLANG_WARN_UNREACHABLE_CODE = YES;
				CLANG_WARN__DUPLICATE_METHOD_MATCH = YES;
				"CODE_SIGN_IDENTITY[sdk=iphoneos*]" = "iPhone Developer";
				COPY_PHASE_STRIP = NO;
				DEBUG_INFORMATION_FORMAT = "dwarf-with-dsym";
				ENABLE_NS_ASSERTIONS = NO;
				ENABLE_STRICT_OBJC_MSGSEND = YES;
				GCC_C_LANGUAGE_STANDARD = gnu99;
				GCC_NO_COMMON_BLOCKS = YES;
				GCC_WARN_64_TO_32_BIT_CONVERSION = YES;
				GCC_WARN_ABOUT_RETURN_TYPE = YES_ERROR;
				GCC_WARN_UNDECLARED_SELECTOR = YES;
				GCC_WARN_UNINITIALIZED_AUTOS = YES_AGGRESSIVE;
				GCC_WARN_UNUSED_FUNCTION = YES;
				GCC_WARN_UNUSED_VARIABLE = YES;
				IPHONEOS_DEPLOYMENT_TARGET = 10.2;
				MTL_ENABLE_DEBUG_INFO = NO;
				SDKROOT = iphoneos;
				SWIFT_OPTIMIZATION_LEVEL = "-Owholemodule";
				VALIDATE_PRODUCT = YES;
			};
			name = Release;
		};
		92C0C6E61E34D0AB00AD86C7 /* Debug */ = {
			isa = XCBuildConfiguration;
			buildSettings = {
				ASSETCATALOG_COMPILER_APPICON_NAME = AppIcon;
				INFOPLIST_FILE = HackerBooks/Info.plist;
				LD_RUNPATH_SEARCH_PATHS = "$(inherited) @executable_path/Frameworks";
				PRODUCT_BUNDLE_IDENTIFIER = es.jjm.HackerBooks;
				PRODUCT_NAME = "$(TARGET_NAME)";
				SWIFT_VERSION = 3.0;
			};
			name = Debug;
		};
		92C0C6E71E34D0AB00AD86C7 /* Release */ = {
			isa = XCBuildConfiguration;
			buildSettings = {
				ASSETCATALOG_COMPILER_APPICON_NAME = AppIcon;
				INFOPLIST_FILE = HackerBooks/Info.plist;
				LD_RUNPATH_SEARCH_PATHS = "$(inherited) @executable_path/Frameworks";
				PRODUCT_BUNDLE_IDENTIFIER = es.jjm.HackerBooks;
				PRODUCT_NAME = "$(TARGET_NAME)";
				SWIFT_VERSION = 3.0;
			};
			name = Release;
		};
/* End XCBuildConfiguration section */

/* Begin XCConfigurationList section */
		92C0C6CE1E34D0AB00AD86C7 /* Build configuration list for PBXProject "HackerBooks" */ = {
			isa = XCConfigurationList;
			buildConfigurations = (
				92C0C6E31E34D0AB00AD86C7 /* Debug */,
				92C0C6E41E34D0AB00AD86C7 /* Release */,
			);
			defaultConfigurationIsVisible = 0;
			defaultConfigurationName = Release;
		};
		92C0C6E51E34D0AB00AD86C7 /* Build configuration list for PBXNativeTarget "HackerBooks" */ = {
			isa = XCConfigurationList;
			buildConfigurations = (
				92C0C6E61E34D0AB00AD86C7 /* Debug */,
				92C0C6E71E34D0AB00AD86C7 /* Release */,
			);
			defaultConfigurationIsVisible = 0;
			defaultConfigurationName = Release;
		};
/* End XCConfigurationList section */
	};
	rootObject = 92C0C6CB1E34D0AB00AD86C7 /* Project object */;
}
